
Microsoft Visual Studio Solution File, Format Version 12.00
# Visual Studio Version 17
VisualStudioVersion = 17.1.32407.343
MinimumVisualStudioVersion = 10.0.40219.1
Project("{FAE04EC0-301F-11D3-BF4B-00C04F79EFBC}") = "weekend_task", "weekend_task\weekend_task.csproj", "{F5D9C070-82BB-4CEB-8F66-D30E5CD619F2}"
EndProject
Global
	GlobalSection(SolutionConfigurationPlatforms) = preSolution
		Debug|Any CPU = Debug|Any CPU
		Release|Any CPU = Release|Any CPU
	EndGlobalSection
	GlobalSection(ProjectConfigurationPlatforms) = postSolution
		{F5D9C070-82BB-4CEB-8F66-D30E5CD619F2}.Debug|Any CPU.ActiveCfg = Debug|Any CPU
		{F5D9C070-82BB-4CEB-8F66-D30E5CD619F2}.Debug|Any CPU.Build.0 = Debug|Any CPU
		{F5D9C070-82BB-4CEB-8F66-D30E5CD619F2}.Release|Any CPU.ActiveCfg = Release|Any CPU
		{F5D9C070-82BB-4CEB-8F66-D30E5CD619F2}.Release|Any CPU.Build.0 = Release|Any CPU
	EndGlobalSection
	GlobalSection(SolutionProperties) = preSolution
		HideSolutionNode = FALSE
	EndGlobalSection
	GlobalSection(ExtensibilityGlobals) = postSolution
		SolutionGuid = {FD029009-C443-43CF-A61E-2029E194A90E}
	EndGlobalSection
EndGlobal
